# This file is generated by running "yarn install" inside your project.
# Manual changes might be lost - proceed with caution!

__metadata:
  version: 5
  cacheKey: 8

"@types/lodash@npm:^4.14.178":
  version: 4.14.178
  resolution: "@types/lodash@npm:4.14.178"
  checksum: a69a04a60bfc5257c3130a554b4efa0c383f0141b7b3db8ab7cf07ad2a46ea085fce66d0242da41da7e5647b133d5dfb2c15add9cbed8d7fef955e4a1e5b3128
  languageName: node
  linkType: hard

"@types/node@npm:^17.0.16":
  version: 17.0.16
  resolution: "@types/node@npm:17.0.16"
  checksum: 2d452a9e0ee7ec83d447d66dd2baf4dd05ef2fbcda39b06f73d86b36d5150d86c43a733d534d77467e7782104756944d42a35ed4b64113bda341b8334ee4d01d
  languageName: node
  linkType: hard

"boolbase@npm:^1.0.0":
  version: 1.0.0
  resolution: "boolbase@npm:1.0.0"
  checksum: 3e25c80ef626c3a3487c73dbfc70ac322ec830666c9ad915d11b701142fab25ec1e63eff2c450c74347acfd2de854ccde865cd79ef4db1683f7c7b046ea43bb0
  languageName: node
  linkType: hard

"cheerio-select@npm:^1.5.0":
  version: 1.5.0
  resolution: "cheerio-select@npm:1.5.0"
  dependencies:
    css-select: ^4.1.3
    css-what: ^5.0.1
    domelementtype: ^2.2.0
    domhandler: ^4.2.0
    domutils: ^2.7.0
  checksum: d4506d8b9ad330a18f9de3a5a22138d0804063e92aac2fc020384cc52ab86d2194d2ae614fc87f0e2a62b6a6dd0c28ad23669cec64331172a9f99ad604863010
  languageName: node
  linkType: hard

"cheerio@npm:^1.0.0-rc.10":
  version: 1.0.0-rc.10
  resolution: "cheerio@npm:1.0.0-rc.10"
  dependencies:
    cheerio-select: ^1.5.0
    dom-serializer: ^1.3.2
    domhandler: ^4.2.0
    htmlparser2: ^6.1.0
    parse5: ^6.0.1
    parse5-htmlparser2-tree-adapter: ^6.0.1
    tslib: ^2.2.0
  checksum: ace2f9c5809737534b1320d11d48762013694fa905b4deacac81a634edac178c1b0534f79d7b1896a88ce489db6cb539f222317996b21c8b6923ce413dcc1a2f
  languageName: node
  linkType: hard

"css-select@npm:^4.1.3":
  version: 4.2.1
  resolution: "css-select@npm:4.2.1"
  dependencies:
    boolbase: ^1.0.0
    css-what: ^5.1.0
    domhandler: ^4.3.0
    domutils: ^2.8.0
    nth-check: ^2.0.1
  checksum: 6617193ec7c332217204c4ea371d332c6845603fda415e36032e7e9e18206d7c368a14e3c57532082314d2689955b01122aa1097c1c52b6c1cab7ad90970d3c6
  languageName: node
  linkType: hard

"css-what@npm:^5.0.1, css-what@npm:^5.1.0":
  version: 5.1.0
  resolution: "css-what@npm:5.1.0"
  checksum: 0b75d1bac95c885c168573c85744a6c6843d8c33345f54f717218b37ea6296b0e99bb12105930ea170fd4a921990392a7c790c16c585c1d8960c49e2b7ec39f7
  languageName: node
  linkType: hard

"data-uri-to-buffer@npm:^4.0.0":
  version: 4.0.0
  resolution: "data-uri-to-buffer@npm:4.0.0"
  checksum: a010653869abe8bb51259432894ac62c52bf79ad761d418d94396f48c346f2ae739c46b254e8bb5987bded8a653d467db1968db3a69bab1d33aa5567baa5cfc7
  languageName: node
  linkType: hard

"dom-serializer@npm:^1.0.1, dom-serializer@npm:^1.3.2":
  version: 1.3.2
  resolution: "dom-serializer@npm:1.3.2"
  dependencies:
    domelementtype: ^2.0.1
    domhandler: ^4.2.0
    entities: ^2.0.0
  checksum: bff48714944d67b160db71ba244fb0f3fe72e77ef2ec8414e2eeb56f2d926e404a13456b8b83a5392e217ba47dec2ec0c368801b31481813e94d185276c3e964
  languageName: node
  linkType: hard

"domelementtype@npm:^2.0.1, domelementtype@npm:^2.2.0":
  version: 2.2.0
  resolution: "domelementtype@npm:2.2.0"
  checksum: 24cb386198640cd58aa36f8c987f2ea61859929106d06ffcc8f547e70cb2ed82a6dc56dcb8252b21fba1f1ea07df6e4356d60bfe57f77114ca1aed6828362629
  languageName: node
  linkType: hard

"domhandler@npm:^4.0.0, domhandler@npm:^4.2.0, domhandler@npm:^4.3.0":
  version: 4.3.0
  resolution: "domhandler@npm:4.3.0"
  dependencies:
    domelementtype: ^2.2.0
  checksum: d2a2dbf40dd99abf936b65ad83c6b530afdb3605a87cad37a11b5d9220e68423ebef1b86c89e0f6d93ffaf315cc327cf1a988652e7a9a95cce539e3984f4c64d
  languageName: node
  linkType: hard

"domutils@npm:^2.5.2, domutils@npm:^2.7.0, domutils@npm:^2.8.0":
  version: 2.8.0
  resolution: "domutils@npm:2.8.0"
  dependencies:
    dom-serializer: ^1.0.1
    domelementtype: ^2.2.0
    domhandler: ^4.2.0
  checksum: abf7434315283e9aadc2a24bac0e00eab07ae4313b40cc239f89d84d7315ebdfd2fb1b5bf750a96bc1b4403d7237c7b2ebf60459be394d625ead4ca89b934391
  languageName: node
  linkType: hard

"entities@npm:^2.0.0":
  version: 2.2.0
  resolution: "entities@npm:2.2.0"
  checksum: 19010dacaf0912c895ea262b4f6128574f9ccf8d4b3b65c7e8334ad0079b3706376360e28d8843ff50a78aabcb8f08f0a32dbfacdc77e47ed77ca08b713669b3
  languageName: node
  linkType: hard

"fetch-blob@npm:^3.1.2, fetch-blob@npm:^3.1.4":
  version: 3.1.4
  resolution: "fetch-blob@npm:3.1.4"
  dependencies:
    node-domexception: ^1.0.0
    web-streams-polyfill: ^3.0.3
  checksum: 81b074f38a2dbfd546dd58e482cefe14e605abd609e272804bf089d588d84f39e3e95b35640bfb376f71d5038c123d4d41be49d9cdf87e5ec8939d37738df0b6
  languageName: node
  linkType: hard

"formdata-polyfill@npm:^4.0.10":
  version: 4.0.10
  resolution: "formdata-polyfill@npm:4.0.10"
  dependencies:
    fetch-blob: ^3.1.2
  checksum: 82a34df292afadd82b43d4a740ce387bc08541e0a534358425193017bf9fb3567875dc5f69564984b1da979979b70703aa73dee715a17b6c229752ae736dd9db
  languageName: node
  linkType: hard

"htmlparser2@npm:^6.1.0":
  version: 6.1.0
  resolution: "htmlparser2@npm:6.1.0"
  dependencies:
    domelementtype: ^2.0.1
    domhandler: ^4.0.0
    domutils: ^2.5.2
    entities: ^2.0.0
  checksum: 81a7b3d9c3bb9acb568a02fc9b1b81ffbfa55eae7f1c41ae0bf840006d1dbf54cb3aa245b2553e2c94db674840a9f0fdad7027c9a9d01a062065314039058c4e
  languageName: node
  linkType: hard

"lodash@npm:^4.17.21":
  version: 4.17.21
  resolution: "lodash@npm:4.17.21"
  checksum: eb835a2e51d381e561e508ce932ea50a8e5a68f4ebdd771ea240d3048244a8d13658acbd502cd4829768c56f2e16bdd4340b9ea141297d472517b83868e677f7
  languageName: node
  linkType: hard

"moment@npm:^2.29.1":
  version: 2.29.1
  resolution: "moment@npm:2.29.1"
  checksum: 1e14d5f422a2687996be11dd2d50c8de3bd577c4a4ca79ba5d02c397242a933e5b941655de6c8cb90ac18f01cc4127e55b4a12ae3c527a6c0a274e455979345e
  languageName: node
  linkType: hard

"node-domexception@npm:^1.0.0":
  version: 1.0.0
  resolution: "node-domexception@npm:1.0.0"
  checksum: ee1d37dd2a4eb26a8a92cd6b64dfc29caec72bff5e1ed9aba80c294f57a31ba4895a60fd48347cf17dd6e766da0ae87d75657dfd1f384ebfa60462c2283f5c7f
  languageName: node
  linkType: hard

"node-fetch@npm:^3.2.0":
  version: 3.2.0
  resolution: "node-fetch@npm:3.2.0"
  dependencies:
    data-uri-to-buffer: ^4.0.0
    fetch-blob: ^3.1.4
    formdata-polyfill: ^4.0.10
  checksum: 1c809a0f64dd11cc18b49f990440e22c471da47da2a6d6b3388a83beba9d23ba7eaca1b9bf706a792bd283b824cf1a76777910859b9c28ad33a59f2ae4e44f8e
  languageName: node
  linkType: hard

"nth-check@npm:^2.0.1":
  version: 2.0.1
  resolution: "nth-check@npm:2.0.1"
  dependencies:
    boolbase: ^1.0.0
  checksum: 5386d035c48438ff304fe687704d93886397349d1bed136de97aeae464caba10e8ffac55a04b215b86b3bc8897f33e0a5aa1045a9d8b2f251ae61b2a3ad3e450
  languageName: node
  linkType: hard

"parse5-htmlparser2-tree-adapter@npm:^6.0.1":
  version: 6.0.1
  resolution: "parse5-htmlparser2-tree-adapter@npm:6.0.1"
  dependencies:
    parse5: ^6.0.1
  checksum: 1848378b355d027915645c13f13f982e60502d201f53bc2067a508bf2dba4aac08219fc781dcd160167f5f50f0c73f58d20fa4fb3d90ee46762c20234fa90a6d
  languageName: node
  linkType: hard

"parse5@npm:^6.0.1":
  version: 6.0.1
  resolution: "parse5@npm:6.0.1"
  checksum: 7d569a176c5460897f7c8f3377eff640d54132b9be51ae8a8fa4979af940830b2b0c296ce75e5bd8f4041520aadde13170dbdec44889975f906098ea0002f4bd
  languageName: node
  linkType: hard

"prettier@npm:^2.5.1":
  version: 2.5.1
  resolution: "prettier@npm:2.5.1"
  bin:
    prettier: bin-prettier.js
  checksum: 21b9408476ea1c544b0e45d51ceb94a84789ff92095abb710942d780c862d0daebdb29972d47f6b4d0f7ebbfb0ffbf56cc2cfa3e3e9d1cca54864af185b15b66
  languageName: node
  linkType: hard

"tslib@npm:^2.2.0":
  version: 2.3.1
  resolution: "tslib@npm:2.3.1"
  checksum: de17a98d4614481f7fcb5cd53ffc1aaf8654313be0291e1bfaee4b4bb31a20494b7d218ff2e15017883e8ea9626599b3b0e0229c18383ba9dce89da2adf15cb9
  languageName: node
  linkType: hard

"typescript@npm:^4.5.5":
  version: 4.5.5
  resolution: "typescript@npm:4.5.5"
  bin:
    tsc: bin/tsc
    tsserver: bin/tsserver
  checksum: 506f4c919dc8aeaafa92068c997f1d213b9df4d9756d0fae1a1e7ab66b585ab3498050e236113a1c9e57ee08c21ec6814ca7a7f61378c058d79af50a4b1f5a5e
  languageName: node
  linkType: hard

"typescript@patch:typescript@^4.5.5#~builtin<compat/typescript>":
  version: 4.5.5
  resolution: "typescript@patch:typescript@npm%3A4.5.5#~builtin<compat/typescript>::version=4.5.5&hash=493e53"
  bin:
    tsc: bin/tsc
    tsserver: bin/tsserver
  checksum: c05c318d79c690f101d7ffb34cd6c7d6bbd884d3af9cefe7749ad0cd6be43c7082f098280982ca945dcba23fde34a08fed9602bb26540936baf8c0520727d3ba
  languageName: node
  linkType: hard

"wealthica-demo-connector@workspace:.":
  version: 0.0.0-use.local
  resolution: "wealthica-demo-connector@workspace:."
  dependencies:
    "@types/lodash": ^4.14.178
    "@types/node": ^17.0.16
    cheerio: ^1.0.0-rc.10
    lodash: ^4.17.21
    moment: ^2.29.1
    node-fetch: ^3.2.0
    prettier: ^2.5.1
    typescript: ^4.5.5
  languageName: unknown
  linkType: soft

"web-streams-polyfill@npm:^3.0.3":
  version: 3.2.0
  resolution: "web-streams-polyfill@npm:3.2.0"
  checksum: e23ad0649392fa0159dbfc6bb27474c308c3f332d9078cfef3c06c154165bef18732c5814126147c6c712f604216ddc950c171c854e3821f020e0d2d721a5958
  languageName: node
  linkType: hard
